// !$*UTF8*$!
{
	archiveVersion = 1;
	classes = {
	};
	objectVersion = 46;
	objects = {

/* Begin PBXBuildFile section */
		463B01D81A6D552B003C90E3 /* API-Keys.plist in Resources */ = {isa = PBXBuildFile; fileRef = 463B01D71A6D552B003C90E3 /* API-Keys.plist */; };
		465E51591A52B5F500C80EFB /* ForgotPasswordViewController.swift in Sources */ = {isa = PBXBuildFile; fileRef = 465E51581A52B5F500C80EFB /* ForgotPasswordViewController.swift */; };
		466891031A5BD3C2006A3B87 /* Settings.storyboard in Resources */ = {isa = PBXBuildFile; fileRef = 466891021A5BD3C2006A3B87 /* Settings.storyboard */; };
		466E2FD11A5B6E32001D87C4 /* SwipeViewController.swift in Sources */ = {isa = PBXBuildFile; fileRef = 466E2FD01A5B6E32001D87C4 /* SwipeViewController.swift */; };
		4674F1BE1A6C98C300437584 /* Login.storyboard in Resources */ = {isa = PBXBuildFile; fileRef = 4674F1BD1A6C98C300437584 /* Login.storyboard */; };
		469CDB201A536A470033483C /* YZSwipeBetweenViewController.m in Sources */ = {isa = PBXBuildFile; fileRef = 469CDB1F1A536A470033483C /* YZSwipeBetweenViewController.m */; };
		469CDB221A536C030033483C /* FriendListViewController.swift in Sources */ = {isa = PBXBuildFile; fileRef = 469CDB211A536C030033483C /* FriendListViewController.swift */; };
		46A579B91A524F3F0031D1E9 /* LoginViewController.swift in Sources */ = {isa = PBXBuildFile; fileRef = 46A579B81A524F3F0031D1E9 /* LoginViewController.swift */; };
		46A579BB1A524F480031D1E9 /* SignupViewController.swift in Sources */ = {isa = PBXBuildFile; fileRef = 46A579BA1A524F480031D1E9 /* SignupViewController.swift */; };
		46A579BD1A5253A00031D1E9 /* PushNoAnimationSegue.swift in Sources */ = {isa = PBXBuildFile; fileRef = 46A579BC1A5253A00031D1E9 /* PushNoAnimationSegue.swift */; };
		46B8D18F1A7077E7002C1059 /* ABLoadingView.swift in Sources */ = {isa = PBXBuildFile; fileRef = 46B8D18E1A7077E7002C1059 /* ABLoadingView.swift */; };
		46B8D1911A707B8A002C1059 /* UIRectExtension.swift in Sources */ = {isa = PBXBuildFile; fileRef = 46B8D1901A707B8A002C1059 /* UIRectExtension.swift */; };
		46BF80E01A512A6500F46CA6 /* Bolts.framework in Frameworks */ = {isa = PBXBuildFile; fileRef = 46BF80DB1A512A6500F46CA6 /* Bolts.framework */; };
		46BF80E11A512A6500F46CA6 /* Parse.framework in Frameworks */ = {isa = PBXBuildFile; fileRef = 46BF80DC1A512A6500F46CA6 /* Parse.framework */; };
		46BF80E21A512A6500F46CA6 /* ParseCrashReporting.framework in Frameworks */ = {isa = PBXBuildFile; fileRef = 46BF80DD1A512A6500F46CA6 /* ParseCrashReporting.framework */; };
		46BF80E31A512A6500F46CA6 /* ParseFacebookUtils.framework in Frameworks */ = {isa = PBXBuildFile; fileRef = 46BF80DE1A512A6500F46CA6 /* ParseFacebookUtils.framework */; };
		46BF80E41A512A6500F46CA6 /* ParseUI.framework in Frameworks */ = {isa = PBXBuildFile; fileRef = 46BF80DF1A512A6500F46CA6 /* ParseUI.framework */; };
		46BF80E61A512B6000F46CA6 /* AudioToolbox.framework in Frameworks */ = {isa = PBXBuildFile; fileRef = 46BF80E51A512B6000F46CA6 /* AudioToolbox.framework */; };
		46BF80E81A512B6500F46CA6 /* CFNetwork.framework in Frameworks */ = {isa = PBXBuildFile; fileRef = 46BF80E71A512B6500F46CA6 /* CFNetwork.framework */; };
		46BF80EB1A512B6C00F46CA6 /* CoreGraphics.framework in Frameworks */ = {isa = PBXBuildFile; fileRef = 46BF80E91A512B6C00F46CA6 /* CoreGraphics.framework */; };
		46BF80EC1A512B6C00F46CA6 /* CoreLocation.framework in Frameworks */ = {isa = PBXBuildFile; fileRef = 46BF80EA1A512B6C00F46CA6 /* CoreLocation.framework */; };
		46BF80EE1A512B7300F46CA6 /* MobileCoreServices.framework in Frameworks */ = {isa = PBXBuildFile; fileRef = 46BF80ED1A512B7300F46CA6 /* MobileCoreServices.framework */; };
		46BF80F01A512B7800F46CA6 /* QuartzCore.framework in Frameworks */ = {isa = PBXBuildFile; fileRef = 46BF80EF1A512B7800F46CA6 /* QuartzCore.framework */; };
		46BF80F41A512B8B00F46CA6 /* Security.framework in Frameworks */ = {isa = PBXBuildFile; fileRef = 46BF80F11A512B8B00F46CA6 /* Security.framework */; };
		46BF80F51A512B8B00F46CA6 /* StoreKit.framework in Frameworks */ = {isa = PBXBuildFile; fileRef = 46BF80F21A512B8B00F46CA6 /* StoreKit.framework */; };
		46BF80F61A512B8B00F46CA6 /* SystemConfiguration.framework in Frameworks */ = {isa = PBXBuildFile; fileRef = 46BF80F31A512B8B00F46CA6 /* SystemConfiguration.framework */; };
		46BF80F81A512B9A00F46CA6 /* libz.dylib in Frameworks */ = {isa = PBXBuildFile; fileRef = 46BF80F71A512B9A00F46CA6 /* libz.dylib */; };
		46BF80FA1A512BA200F46CA6 /* libsqlite3.dylib in Frameworks */ = {isa = PBXBuildFile; fileRef = 46BF80F91A512BA200F46CA6 /* libsqlite3.dylib */; };
		46CAFB5B1A5BE18100C7F66D /* SettingsTableViewController.swift in Sources */ = {isa = PBXBuildFile; fileRef = 46CAFB5A1A5BE18100C7F66D /* SettingsTableViewController.swift */; };
		46CDA0C61A50FEE1001FCCB3 /* AppDelegate.swift in Sources */ = {isa = PBXBuildFile; fileRef = 46CDA0C51A50FEE1001FCCB3 /* AppDelegate.swift */; };
		46CDA0C81A50FEE1001FCCB3 /* WelcomeViewController.swift in Sources */ = {isa = PBXBuildFile; fileRef = 46CDA0C71A50FEE1001FCCB3 /* WelcomeViewController.swift */; };
		46CDA0CB1A50FEE1001FCCB3 /* Main.storyboard in Resources */ = {isa = PBXBuildFile; fileRef = 46CDA0C91A50FEE1001FCCB3 /* Main.storyboard */; };
		46CDA0CD1A50FEE1001FCCB3 /* Images.xcassets in Resources */ = {isa = PBXBuildFile; fileRef = 46CDA0CC1A50FEE1001FCCB3 /* Images.xcassets */; };
		46CDA0D01A50FEE1001FCCB3 /* LaunchScreen.xib in Resources */ = {isa = PBXBuildFile; fileRef = 46CDA0CE1A50FEE1001FCCB3 /* LaunchScreen.xib */; };
		46CDA0DC1A50FEE1001FCCB3 /* SupTests.swift in Sources */ = {isa = PBXBuildFile; fileRef = 46CDA0DB1A50FEE1001FCCB3 /* SupTests.swift */; };
		46CDA0E81A50FFF3001FCCB3 /* Crashlytics.framework in Frameworks */ = {isa = PBXBuildFile; fileRef = 46CDA0E61A50FFF3001FCCB3 /* Crashlytics.framework */; };
		46CDA0E91A50FFF3001FCCB3 /* Fabric.framework in Frameworks */ = {isa = PBXBuildFile; fileRef = 46CDA0E71A50FFF3001FCCB3 /* Fabric.framework */; };
		46ED8C391A5283B000D1313A /* MainNavigationController.swift in Sources */ = {isa = PBXBuildFile; fileRef = 46ED8C381A5283B000D1313A /* MainNavigationController.swift */; };
		46ED8C3B1A5284A300D1313A /* PopNoAnimationSegue.swift in Sources */ = {isa = PBXBuildFile; fileRef = 46ED8C3A1A5284A300D1313A /* PopNoAnimationSegue.swift */; };
/* End PBXBuildFile section */

/* Begin PBXContainerItemProxy section */
		46CDA0D61A50FEE1001FCCB3 /* PBXContainerItemProxy */ = {
			isa = PBXContainerItemProxy;
			containerPortal = 46CDA0B81A50FEE1001FCCB3 /* Project object */;
			proxyType = 1;
			remoteGlobalIDString = 46CDA0BF1A50FEE1001FCCB3;
			remoteInfo = Sup;
		};
/* End PBXContainerItemProxy section */

/* Begin PBXFileReference section */
		463B01D71A6D552B003C90E3 /* API-Keys.plist */ = {isa = PBXFileReference; fileEncoding = 4; lastKnownFileType = text.plist.xml; path = "API-Keys.plist"; sourceTree = "<group>"; };
		465E51581A52B5F500C80EFB /* ForgotPasswordViewController.swift */ = {isa = PBXFileReference; fileEncoding = 4; lastKnownFileType = sourcecode.swift; path = ForgotPasswordViewController.swift; sourceTree = "<group>"; };
		466891021A5BD3C2006A3B87 /* Settings.storyboard */ = {isa = PBXFileReference; fileEncoding = 4; lastKnownFileType = file.storyboard; path = Settings.storyboard; sourceTree = "<group>"; };
		466E2FD01A5B6E32001D87C4 /* SwipeViewController.swift */ = {isa = PBXFileReference; fileEncoding = 4; lastKnownFileType = sourcecode.swift; path = SwipeViewController.swift; sourceTree = "<group>"; };
		4674F1BD1A6C98C300437584 /* Login.storyboard */ = {isa = PBXFileReference; fileEncoding = 4; lastKnownFileType = file.storyboard; path = Login.storyboard; sourceTree = "<group>"; };
		469CDB1E1A536A470033483C /* YZSwipeBetweenViewController.h */ = {isa = PBXFileReference; fileEncoding = 4; lastKnownFileType = sourcecode.c.h; path = YZSwipeBetweenViewController.h; sourceTree = "<group>"; };
		469CDB1F1A536A470033483C /* YZSwipeBetweenViewController.m */ = {isa = PBXFileReference; fileEncoding = 4; lastKnownFileType = sourcecode.c.objc; path = YZSwipeBetweenViewController.m; sourceTree = "<group>"; };
		469CDB211A536C030033483C /* FriendListViewController.swift */ = {isa = PBXFileReference; fileEncoding = 4; lastKnownFileType = sourcecode.swift; path = FriendListViewController.swift; sourceTree = "<group>"; };
		46A579B81A524F3F0031D1E9 /* LoginViewController.swift */ = {isa = PBXFileReference; fileEncoding = 4; lastKnownFileType = sourcecode.swift; path = LoginViewController.swift; sourceTree = "<group>"; };
		46A579BA1A524F480031D1E9 /* SignupViewController.swift */ = {isa = PBXFileReference; fileEncoding = 4; lastKnownFileType = sourcecode.swift; path = SignupViewController.swift; sourceTree = "<group>"; };
		46A579BC1A5253A00031D1E9 /* PushNoAnimationSegue.swift */ = {isa = PBXFileReference; fileEncoding = 4; lastKnownFileType = sourcecode.swift; path = PushNoAnimationSegue.swift; sourceTree = "<group>"; };
		46B8D18E1A7077E7002C1059 /* ABLoadingView.swift */ = {isa = PBXFileReference; fileEncoding = 4; lastKnownFileType = sourcecode.swift; path = ABLoadingView.swift; sourceTree = "<group>"; };
		46B8D1901A707B8A002C1059 /* UIRectExtension.swift */ = {isa = PBXFileReference; fileEncoding = 4; lastKnownFileType = sourcecode.swift; path = UIRectExtension.swift; sourceTree = "<group>"; };
		46BF80DB1A512A6500F46CA6 /* Bolts.framework */ = {isa = PBXFileReference; lastKnownFileType = wrapper.framework; path = Bolts.framework; sourceTree = "<group>"; };
		46BF80DC1A512A6500F46CA6 /* Parse.framework */ = {isa = PBXFileReference; lastKnownFileType = wrapper.framework; path = Parse.framework; sourceTree = "<group>"; };
		46BF80DD1A512A6500F46CA6 /* ParseCrashReporting.framework */ = {isa = PBXFileReference; lastKnownFileType = wrapper.framework; path = ParseCrashReporting.framework; sourceTree = "<group>"; };
		46BF80DE1A512A6500F46CA6 /* ParseFacebookUtils.framework */ = {isa = PBXFileReference; lastKnownFileType = wrapper.framework; path = ParseFacebookUtils.framework; sourceTree = "<group>"; };
		46BF80DF1A512A6500F46CA6 /* ParseUI.framework */ = {isa = PBXFileReference; lastKnownFileType = wrapper.framework; path = ParseUI.framework; sourceTree = "<group>"; };
		46BF80E51A512B6000F46CA6 /* AudioToolbox.framework */ = {isa = PBXFileReference; lastKnownFileType = wrapper.framework; name = AudioToolbox.framework; path = System/Library/Frameworks/AudioToolbox.framework; sourceTree = SDKROOT; };
		46BF80E71A512B6500F46CA6 /* CFNetwork.framework */ = {isa = PBXFileReference; lastKnownFileType = wrapper.framework; name = CFNetwork.framework; path = System/Library/Frameworks/CFNetwork.framework; sourceTree = SDKROOT; };
		46BF80E91A512B6C00F46CA6 /* CoreGraphics.framework */ = {isa = PBXFileReference; lastKnownFileType = wrapper.framework; name = CoreGraphics.framework; path = System/Library/Frameworks/CoreGraphics.framework; sourceTree = SDKROOT; };
		46BF80EA1A512B6C00F46CA6 /* CoreLocation.framework */ = {isa = PBXFileReference; lastKnownFileType = wrapper.framework; name = CoreLocation.framework; path = System/Library/Frameworks/CoreLocation.framework; sourceTree = SDKROOT; };
		46BF80ED1A512B7300F46CA6 /* MobileCoreServices.framework */ = {isa = PBXFileReference; lastKnownFileType = wrapper.framework; name = MobileCoreServices.framework; path = System/Library/Frameworks/MobileCoreServices.framework; sourceTree = SDKROOT; };
		46BF80EF1A512B7800F46CA6 /* QuartzCore.framework */ = {isa = PBXFileReference; lastKnownFileType = wrapper.framework; name = QuartzCore.framework; path = System/Library/Frameworks/QuartzCore.framework; sourceTree = SDKROOT; };
		46BF80F11A512B8B00F46CA6 /* Security.framework */ = {isa = PBXFileReference; lastKnownFileType = wrapper.framework; name = Security.framework; path = System/Library/Frameworks/Security.framework; sourceTree = SDKROOT; };
		46BF80F21A512B8B00F46CA6 /* StoreKit.framework */ = {isa = PBXFileReference; lastKnownFileType = wrapper.framework; name = StoreKit.framework; path = System/Library/Frameworks/StoreKit.framework; sourceTree = SDKROOT; };
		46BF80F31A512B8B00F46CA6 /* SystemConfiguration.framework */ = {isa = PBXFileReference; lastKnownFileType = wrapper.framework; name = SystemConfiguration.framework; path = System/Library/Frameworks/SystemConfiguration.framework; sourceTree = SDKROOT; };
		46BF80F71A512B9A00F46CA6 /* libz.dylib */ = {isa = PBXFileReference; lastKnownFileType = "compiled.mach-o.dylib"; name = libz.dylib; path = usr/lib/libz.dylib; sourceTree = SDKROOT; };
		46BF80F91A512BA200F46CA6 /* libsqlite3.dylib */ = {isa = PBXFileReference; lastKnownFileType = "compiled.mach-o.dylib"; name = libsqlite3.dylib; path = usr/lib/libsqlite3.dylib; sourceTree = SDKROOT; };
		46BF80FB1A512BB900F46CA6 /* Sup-Bridging-Header.h */ = {isa = PBXFileReference; lastKnownFileType = sourcecode.c.h; path = "Sup-Bridging-Header.h"; sourceTree = "<group>"; };
		46CAFB5A1A5BE18100C7F66D /* SettingsTableViewController.swift */ = {isa = PBXFileReference; fileEncoding = 4; lastKnownFileType = sourcecode.swift; path = SettingsTableViewController.swift; sourceTree = "<group>"; };
		46CDA0C01A50FEE1001FCCB3 /* Sup.app */ = {isa = PBXFileReference; explicitFileType = wrapper.application; includeInIndex = 0; path = Sup.app; sourceTree = BUILT_PRODUCTS_DIR; };
		46CDA0C41A50FEE1001FCCB3 /* Info.plist */ = {isa = PBXFileReference; lastKnownFileType = text.plist.xml; path = Info.plist; sourceTree = "<group>"; };
		46CDA0C51A50FEE1001FCCB3 /* AppDelegate.swift */ = {isa = PBXFileReference; lastKnownFileType = sourcecode.swift; path = AppDelegate.swift; sourceTree = "<group>"; };
		46CDA0C71A50FEE1001FCCB3 /* WelcomeViewController.swift */ = {isa = PBXFileReference; lastKnownFileType = sourcecode.swift; path = WelcomeViewController.swift; sourceTree = "<group>"; };
		46CDA0CA1A50FEE1001FCCB3 /* Base */ = {isa = PBXFileReference; lastKnownFileType = file.storyboard; name = Base; path = Base.lproj/Main.storyboard; sourceTree = "<group>"; };
		46CDA0CC1A50FEE1001FCCB3 /* Images.xcassets */ = {isa = PBXFileReference; lastKnownFileType = folder.assetcatalog; path = Images.xcassets; sourceTree = "<group>"; };
		46CDA0CF1A50FEE1001FCCB3 /* Base */ = {isa = PBXFileReference; lastKnownFileType = file.xib; name = Base; path = Base.lproj/LaunchScreen.xib; sourceTree = "<group>"; };
		46CDA0D51A50FEE1001FCCB3 /* SupTests.xctest */ = {isa = PBXFileReference; explicitFileType = wrapper.cfbundle; includeInIndex = 0; path = SupTests.xctest; sourceTree = BUILT_PRODUCTS_DIR; };
		46CDA0DA1A50FEE1001FCCB3 /* Info.plist */ = {isa = PBXFileReference; lastKnownFileType = text.plist.xml; path = Info.plist; sourceTree = "<group>"; };
		46CDA0DB1A50FEE1001FCCB3 /* SupTests.swift */ = {isa = PBXFileReference; lastKnownFileType = sourcecode.swift; path = SupTests.swift; sourceTree = "<group>"; };
		46CDA0E61A50FFF3001FCCB3 /* Crashlytics.framework */ = {isa = PBXFileReference; lastKnownFileType = wrapper.framework; path = Crashlytics.framework; sourceTree = SOURCE_ROOT; };
		46CDA0E71A50FFF3001FCCB3 /* Fabric.framework */ = {isa = PBXFileReference; lastKnownFileType = wrapper.framework; path = Fabric.framework; sourceTree = SOURCE_ROOT; };
		46ED8C381A5283B000D1313A /* MainNavigationController.swift */ = {isa = PBXFileReference; fileEncoding = 4; lastKnownFileType = sourcecode.swift; path = MainNavigationController.swift; sourceTree = "<group>"; };
		46ED8C3A1A5284A300D1313A /* PopNoAnimationSegue.swift */ = {isa = PBXFileReference; fileEncoding = 4; lastKnownFileType = sourcecode.swift; path = PopNoAnimationSegue.swift; sourceTree = "<group>"; };
/* End PBXFileReference section */

/* Begin PBXFrameworksBuildPhase section */
		46CDA0BD1A50FEE1001FCCB3 /* Frameworks */ = {
			isa = PBXFrameworksBuildPhase;
			buildActionMask = 2147483647;
			files = (
				46BF80FA1A512BA200F46CA6 /* libsqlite3.dylib in Frameworks */,
				46BF80F81A512B9A00F46CA6 /* libz.dylib in Frameworks */,
				46BF80F41A512B8B00F46CA6 /* Security.framework in Frameworks */,
				46BF80F51A512B8B00F46CA6 /* StoreKit.framework in Frameworks */,
				46BF80F61A512B8B00F46CA6 /* SystemConfiguration.framework in Frameworks */,
				46BF80F01A512B7800F46CA6 /* QuartzCore.framework in Frameworks */,
				46BF80EE1A512B7300F46CA6 /* MobileCoreServices.framework in Frameworks */,
				46BF80EB1A512B6C00F46CA6 /* CoreGraphics.framework in Frameworks */,
				46BF80EC1A512B6C00F46CA6 /* CoreLocation.framework in Frameworks */,
				46BF80E81A512B6500F46CA6 /* CFNetwork.framework in Frameworks */,
				46BF80E61A512B6000F46CA6 /* AudioToolbox.framework in Frameworks */,
				46BF80E01A512A6500F46CA6 /* Bolts.framework in Frameworks */,
				46BF80E21A512A6500F46CA6 /* ParseCrashReporting.framework in Frameworks */,
				46BF80E41A512A6500F46CA6 /* ParseUI.framework in Frameworks */,
				46BF80E31A512A6500F46CA6 /* ParseFacebookUtils.framework in Frameworks */,
				46CDA0E81A50FFF3001FCCB3 /* Crashlytics.framework in Frameworks */,
				46BF80E11A512A6500F46CA6 /* Parse.framework in Frameworks */,
				46CDA0E91A50FFF3001FCCB3 /* Fabric.framework in Frameworks */,
			);
			runOnlyForDeploymentPostprocessing = 0;
		};
		46CDA0D21A50FEE1001FCCB3 /* Frameworks */ = {
			isa = PBXFrameworksBuildPhase;
			buildActionMask = 2147483647;
			files = (
			);
			runOnlyForDeploymentPostprocessing = 0;
		};
/* End PBXFrameworksBuildPhase section */

/* Begin PBXGroup section */
		469CDB1D1A536A470033483C /* YZSwipeBetweenViewController */ = {
			isa = PBXGroup;
			children = (
				469CDB1E1A536A470033483C /* YZSwipeBetweenViewController.h */,
				469CDB1F1A536A470033483C /* YZSwipeBetweenViewController.m */,
			);
			name = YZSwipeBetweenViewController;
			path = YZSwipeBetweenViewController/Source;
			sourceTree = SOURCE_ROOT;
		};
		469CDB271A536C410033483C /* Page Based Main Feed */ = {
			isa = PBXGroup;
			children = (
				46CDA0C91A50FEE1001FCCB3 /* Main.storyboard */,
				466E2FD01A5B6E32001D87C4 /* SwipeViewController.swift */,
				469CDB211A536C030033483C /* FriendListViewController.swift */,
				46B8D18D1A707627002C1059 /* Settings */,
			);
			name = "Page Based Main Feed";
			sourceTree = "<group>";
		};
		46B8D18D1A707627002C1059 /* Settings */ = {
			isa = PBXGroup;
			children = (
				46CAFB5A1A5BE18100C7F66D /* SettingsTableViewController.swift */,
				466891021A5BD3C2006A3B87 /* Settings.storyboard */,
			);
			name = Settings;
			sourceTree = "<group>";
		};
		46BF80DA1A512A6500F46CA6 /* parse-library-1.6.1 */ = {
			isa = PBXGroup;
			children = (
				46BF80DB1A512A6500F46CA6 /* Bolts.framework */,
				46BF80DC1A512A6500F46CA6 /* Parse.framework */,
				46BF80DD1A512A6500F46CA6 /* ParseCrashReporting.framework */,
				46BF80DE1A512A6500F46CA6 /* ParseFacebookUtils.framework */,
				46BF80DF1A512A6500F46CA6 /* ParseUI.framework */,
			);
			path = "parse-library-1.6.1";
			sourceTree = "<group>";
		};
		46BF80FF1A512C2900F46CA6 /* Parse Dependencies */ = {
			isa = PBXGroup;
			children = (
				46BF80F91A512BA200F46CA6 /* libsqlite3.dylib */,
				46BF80F71A512B9A00F46CA6 /* libz.dylib */,
				46BF80F11A512B8B00F46CA6 /* Security.framework */,
				46BF80F21A512B8B00F46CA6 /* StoreKit.framework */,
				46BF80F31A512B8B00F46CA6 /* SystemConfiguration.framework */,
				46BF80EF1A512B7800F46CA6 /* QuartzCore.framework */,
				46BF80ED1A512B7300F46CA6 /* MobileCoreServices.framework */,
				46BF80E91A512B6C00F46CA6 /* CoreGraphics.framework */,
				46BF80EA1A512B6C00F46CA6 /* CoreLocation.framework */,
				46BF80E71A512B6500F46CA6 /* CFNetwork.framework */,
				46BF80E51A512B6000F46CA6 /* AudioToolbox.framework */,
			);
			name = "Parse Dependencies";
			sourceTree = "<group>";
		};
		46BF81001A512C3D00F46CA6 /* Parse */ = {
			isa = PBXGroup;
			children = (
				46BF80FF1A512C2900F46CA6 /* Parse Dependencies */,
				46BF80DA1A512A6500F46CA6 /* parse-library-1.6.1 */,
			);
			name = Parse;
			sourceTree = "<group>";
		};
		46CDA0B71A50FEE1001FCCB3 = {
			isa = PBXGroup;
			children = (
				46CDA0C21A50FEE1001FCCB3 /* Sup */,
				46CDA0EF1A510121001FCCB3 /* Frameworks */,
				46CDA0D81A50FEE1001FCCB3 /* SupTests */,
				46CDA0C11A50FEE1001FCCB3 /* Products */,
			);
			sourceTree = "<group>";
		};
		46CDA0C11A50FEE1001FCCB3 /* Products */ = {
			isa = PBXGroup;
			children = (
				46CDA0C01A50FEE1001FCCB3 /* Sup.app */,
				46CDA0D51A50FEE1001FCCB3 /* SupTests.xctest */,
			);
			name = Products;
			sourceTree = "<group>";
		};
		46CDA0C21A50FEE1001FCCB3 /* Sup */ = {
			isa = PBXGroup;
			children = (
				46CDA0C51A50FEE1001FCCB3 /* AppDelegate.swift */,
				46ED8C381A5283B000D1313A /* MainNavigationController.swift */,
				46B8D1901A707B8A002C1059 /* UIRectExtension.swift */,
				46ED8C3D1A528A9700D1313A /* Views */,
				46ED8C3C1A528A8A00D1313A /* Transitions */,
				46CDA0CC1A50FEE1001FCCB3 /* Images.xcassets */,
				46CDA0CE1A50FEE1001FCCB3 /* LaunchScreen.xib */,
				46CDA0C31A50FEE1001FCCB3 /* Supporting Files */,
			);
			path = Sup;
			sourceTree = "<group>";
		};
		46CDA0C31A50FEE1001FCCB3 /* Supporting Files */ = {
			isa = PBXGroup;
			children = (
				463B01D71A6D552B003C90E3 /* API-Keys.plist */,
				46BF80FB1A512BB900F46CA6 /* Sup-Bridging-Header.h */,
				46CDA0C41A50FEE1001FCCB3 /* Info.plist */,
			);
			name = "Supporting Files";
			sourceTree = "<group>";
		};
		46CDA0D81A50FEE1001FCCB3 /* SupTests */ = {
			isa = PBXGroup;
			children = (
				46CDA0DB1A50FEE1001FCCB3 /* SupTests.swift */,
				46CDA0D91A50FEE1001FCCB3 /* Supporting Files */,
			);
			path = SupTests;
			sourceTree = "<group>";
		};
		46CDA0D91A50FEE1001FCCB3 /* Supporting Files */ = {
			isa = PBXGroup;
			children = (
				46CDA0DA1A50FEE1001FCCB3 /* Info.plist */,
			);
			name = "Supporting Files";
			sourceTree = "<group>";
		};
		46CDA0EE1A510114001FCCB3 /* Fabric */ = {
			isa = PBXGroup;
			children = (
				46CDA0E61A50FFF3001FCCB3 /* Crashlytics.framework */,
				46CDA0E71A50FFF3001FCCB3 /* Fabric.framework */,
			);
			name = Fabric;
			sourceTree = "<group>";
		};
		46CDA0EF1A510121001FCCB3 /* Frameworks */ = {
			isa = PBXGroup;
			children = (
				469CDB1D1A536A470033483C /* YZSwipeBetweenViewController */,
				46BF81001A512C3D00F46CA6 /* Parse */,
				46CDA0EE1A510114001FCCB3 /* Fabric */,
			);
			name = Frameworks;
			path = Sup;
			sourceTree = "<group>";
		};
		46ED8C3C1A528A8A00D1313A /* Transitions */ = {
			isa = PBXGroup;
			children = (
				46A579BC1A5253A00031D1E9 /* PushNoAnimationSegue.swift */,
				46ED8C3A1A5284A300D1313A /* PopNoAnimationSegue.swift */,
			);
			name = Transitions;
			sourceTree = "<group>";
		};
		46ED8C3D1A528A9700D1313A /* Views */ = {
			isa = PBXGroup;
			children = (
				46ED8C3E1A528AA100D1313A /* Onboarding */,
				469CDB271A536C410033483C /* Page Based Main Feed */,
				46B8D18E1A7077E7002C1059 /* ABLoadingView.swift */,
			);
			name = Views;
			sourceTree = "<group>";
		};
		46ED8C3E1A528AA100D1313A /* Onboarding */ = {
			isa = PBXGroup;
			children = (
				4674F1BD1A6C98C300437584 /* Login.storyboard */,
				46CDA0C71A50FEE1001FCCB3 /* WelcomeViewController.swift */,
				46A579B81A524F3F0031D1E9 /* LoginViewController.swift */,
				46A579BA1A524F480031D1E9 /* SignupViewController.swift */,
				465E51581A52B5F500C80EFB /* ForgotPasswordViewController.swift */,
			);
			name = Onboarding;
			sourceTree = "<group>";
		};
/* End PBXGroup section */

/* Begin PBXNativeTarget section */
		46CDA0BF1A50FEE1001FCCB3 /* Sup */ = {
			isa = PBXNativeTarget;
			buildConfigurationList = 46CDA0DF1A50FEE1001FCCB3 /* Build configuration list for PBXNativeTarget "Sup" */;
			buildPhases = (
				46CDA0BC1A50FEE1001FCCB3 /* Sources */,
				46CDA0BD1A50FEE1001FCCB3 /* Frameworks */,
				46CDA0BE1A50FEE1001FCCB3 /* Resources */,
				46CDA0E51A50FFDA001FCCB3 /* ShellScript */,
			);
			buildRules = (
			);
			dependencies = (
			);
			name = Sup;
			productName = Sup;
			productReference = 46CDA0C01A50FEE1001FCCB3 /* Sup.app */;
			productType = "com.apple.product-type.application";
		};
		46CDA0D41A50FEE1001FCCB3 /* SupTests */ = {
			isa = PBXNativeTarget;
			buildConfigurationList = 46CDA0E21A50FEE1001FCCB3 /* Build configuration list for PBXNativeTarget "SupTests" */;
			buildPhases = (
				46CDA0D11A50FEE1001FCCB3 /* Sources */,
				46CDA0D21A50FEE1001FCCB3 /* Frameworks */,
				46CDA0D31A50FEE1001FCCB3 /* Resources */,
			);
			buildRules = (
			);
			dependencies = (
				46CDA0D71A50FEE1001FCCB3 /* PBXTargetDependency */,
			);
			name = SupTests;
			productName = SupTests;
			productReference = 46CDA0D51A50FEE1001FCCB3 /* SupTests.xctest */;
			productType = "com.apple.product-type.bundle.unit-test";
		};
/* End PBXNativeTarget section */

/* Begin PBXProject section */
		46CDA0B81A50FEE1001FCCB3 /* Project object */ = {
			isa = PBXProject;
			attributes = {
				LastUpgradeCheck = 0610;
				ORGANIZATIONNAME = asb;
				TargetAttributes = {
					46CDA0BF1A50FEE1001FCCB3 = {
						CreatedOnToolsVersion = 6.1.1;
					};
					46CDA0D41A50FEE1001FCCB3 = {
						CreatedOnToolsVersion = 6.1.1;
						TestTargetID = 46CDA0BF1A50FEE1001FCCB3;
					};
				};
			};
			buildConfigurationList = 46CDA0BB1A50FEE1001FCCB3 /* Build configuration list for PBXProject "Sup" */;
			compatibilityVersion = "Xcode 3.2";
			developmentRegion = English;
			hasScannedForEncodings = 0;
			knownRegions = (
				en,
				Base,
			);
			mainGroup = 46CDA0B71A50FEE1001FCCB3;
			productRefGroup = 46CDA0C11A50FEE1001FCCB3 /* Products */;
			projectDirPath = "";
			projectRoot = "";
			targets = (
				46CDA0BF1A50FEE1001FCCB3 /* Sup */,
				46CDA0D41A50FEE1001FCCB3 /* SupTests */,
			);
		};
/* End PBXProject section */

/* Begin PBXResourcesBuildPhase section */
		46CDA0BE1A50FEE1001FCCB3 /* Resources */ = {
			isa = PBXResourcesBuildPhase;
			buildActionMask = 2147483647;
			files = (
				46CDA0CB1A50FEE1001FCCB3 /* Main.storyboard in Resources */,
				463B01D81A6D552B003C90E3 /* API-Keys.plist in Resources */,
				46CDA0D01A50FEE1001FCCB3 /* LaunchScreen.xib in Resources */,
				46CDA0CD1A50FEE1001FCCB3 /* Images.xcassets in Resources */,
				4674F1BE1A6C98C300437584 /* Login.storyboard in Resources */,
				466891031A5BD3C2006A3B87 /* Settings.storyboard in Resources */,
			);
			runOnlyForDeploymentPostprocessing = 0;
		};
		46CDA0D31A50FEE1001FCCB3 /* Resources */ = {
			isa = PBXResourcesBuildPhase;
			buildActionMask = 2147483647;
			files = (
			);
			runOnlyForDeploymentPostprocessing = 0;
		};
/* End PBXResourcesBuildPhase section */

/* Begin PBXShellScriptBuildPhase section */
		46CDA0E51A50FFDA001FCCB3 /* ShellScript */ = {
			isa = PBXShellScriptBuildPhase;
			buildActionMask = 2147483647;
			files = (
			);
			inputPaths = (
			);
			outputPaths = (
			);
			runOnlyForDeploymentPostprocessing = 0;
			shellPath = /bin/sh;
			shellScript = "./Fabric.framework/run cf31bd871fb35d3e3e94b3732cd654bbde1f5b0c 33804315ff66b7966281403539d1d005fcf98139ee03282942a67832a10b0f8e";
		};
/* End PBXShellScriptBuildPhase section */

/* Begin PBXSourcesBuildPhase section */
		46CDA0BC1A50FEE1001FCCB3 /* Sources */ = {
			isa = PBXSourcesBuildPhase;
			buildActionMask = 2147483647;
			files = (
				469CDB221A536C030033483C /* FriendListViewController.swift in Sources */,
				46B8D18F1A7077E7002C1059 /* ABLoadingView.swift in Sources */,
				469CDB201A536A470033483C /* YZSwipeBetweenViewController.m in Sources */,
				46A579B91A524F3F0031D1E9 /* LoginViewController.swift in Sources */,
				46ED8C3B1A5284A300D1313A /* PopNoAnimationSegue.swift in Sources */,
				46CAFB5B1A5BE18100C7F66D /* SettingsTableViewController.swift in Sources */,
				46A579BB1A524F480031D1E9 /* SignupViewController.swift in Sources */,
				46A579BD1A5253A00031D1E9 /* PushNoAnimationSegue.swift in Sources */,
				46ED8C391A5283B000D1313A /* MainNavigationController.swift in Sources */,
				465E51591A52B5F500C80EFB /* ForgotPasswordViewController.swift in Sources */,
				466E2FD11A5B6E32001D87C4 /* SwipeViewController.swift in Sources */,
				46CDA0C81A50FEE1001FCCB3 /* WelcomeViewController.swift in Sources */,
				46CDA0C61A50FEE1001FCCB3 /* AppDelegate.swift in Sources */,
				46B8D1911A707B8A002C1059 /* UIRectExtension.swift in Sources */,
			);
			runOnlyForDeploymentPostprocessing = 0;
		};
		46CDA0D11A50FEE1001FCCB3 /* Sources */ = {
			isa = PBXSourcesBuildPhase;
			buildActionMask = 2147483647;
			files = (
				46CDA0DC1A50FEE1001FCCB3 /* SupTests.swift in Sources */,
			);
			runOnlyForDeploymentPostprocessing = 0;
		};
/* End PBXSourcesBuildPhase section */

/* Begin PBXTargetDependency section */
		46CDA0D71A50FEE1001FCCB3 /* PBXTargetDependency */ = {
			isa = PBXTargetDependency;
			target = 46CDA0BF1A50FEE1001FCCB3 /* Sup */;
			targetProxy = 46CDA0D61A50FEE1001FCCB3 /* PBXContainerItemProxy */;
		};
/* End PBXTargetDependency section */

/* Begin PBXVariantGroup section */
		46CDA0C91A50FEE1001FCCB3 /* Main.storyboard */ = {
			isa = PBXVariantGroup;
			children = (
				46CDA0CA1A50FEE1001FCCB3 /* Base */,
			);
			name = Main.storyboard;
			sourceTree = "<group>";
		};
		46CDA0CE1A50FEE1001FCCB3 /* LaunchScreen.xib */ = {
			isa = PBXVariantGroup;
			children = (
				46CDA0CF1A50FEE1001FCCB3 /* Base */,
			);
			name = LaunchScreen.xib;
			sourceTree = "<group>";
		};
/* End PBXVariantGroup section */

/* Begin XCBuildConfiguration section */
		46CDA0DD1A50FEE1001FCCB3 /* Debug */ = {
			isa = XCBuildConfiguration;
			buildSettings = {
				ALWAYS_SEARCH_USER_PATHS = NO;
				CLANG_CXX_LANGUAGE_STANDARD = "gnu++0x";
				CLANG_CXX_LIBRARY = "libc++";
				CLANG_ENABLE_MODULES = YES;
				CLANG_ENABLE_OBJC_ARC = YES;
				CLANG_WARN_BOOL_CONVERSION = YES;
				CLANG_WARN_CONSTANT_CONVERSION = YES;
				CLANG_WARN_DIRECT_OBJC_ISA_USAGE = YES_ERROR;
				CLANG_WARN_EMPTY_BODY = YES;
				CLANG_WARN_ENUM_CONVERSION = YES;
				CLANG_WARN_INT_CONVERSION = YES;
				CLANG_WARN_OBJC_ROOT_CLASS = YES_ERROR;
				CLANG_WARN_UNREACHABLE_CODE = YES;
				CLANG_WARN__DUPLICATE_METHOD_MATCH = YES;
				"CODE_SIGN_IDENTITY[sdk=iphoneos*]" = "iPhone Developer";
				COPY_PHASE_STRIP = NO;
				ENABLE_STRICT_OBJC_MSGSEND = YES;
				GCC_C_LANGUAGE_STANDARD = gnu99;
				GCC_DYNAMIC_NO_PIC = NO;
				GCC_OPTIMIZATION_LEVEL = 0;
				GCC_PREPROCESSOR_DEFINITIONS = (
					"DEBUG=1",
					"$(inherited)",
				);
				GCC_SYMBOLS_PRIVATE_EXTERN = NO;
				GCC_WARN_64_TO_32_BIT_CONVERSION = YES;
				GCC_WARN_ABOUT_RETURN_TYPE = YES_ERROR;
				GCC_WARN_UNDECLARED_SELECTOR = YES;
				GCC_WARN_UNINITIALIZED_AUTOS = YES_AGGRESSIVE;
				GCC_WARN_UNUSED_FUNCTION = YES;
				GCC_WARN_UNUSED_VARIABLE = YES;
				IPHONEOS_DEPLOYMENT_TARGET = 8.1;
				MTL_ENABLE_DEBUG_INFO = YES;
				ONLY_ACTIVE_ARCH = YES;
				SDKROOT = iphoneos;
				SWIFT_OPTIMIZATION_LEVEL = "-Onone";
			};
			name = Debug;
		};
		46CDA0DE1A50FEE1001FCCB3 /* Release */ = {
			isa = XCBuildConfiguration;
			buildSettings = {
				ALWAYS_SEARCH_USER_PATHS = NO;
				CLANG_CXX_LANGUAGE_STANDARD = "gnu++0x";
				CLANG_CXX_LIBRARY = "libc++";
				CLANG_ENABLE_MODULES = YES;
				CLANG_ENABLE_OBJC_ARC = YES;
				CLANG_WARN_BOOL_CONVERSION = YES;
				CLANG_WARN_CONSTANT_CONVERSION = YES;
				CLANG_WARN_DIRECT_OBJC_ISA_USAGE = YES_ERROR;
				CLANG_WARN_EMPTY_BODY = YES;
				CLANG_WARN_ENUM_CONVERSION = YES;
				CLANG_WARN_INT_CONVERSION = YES;
				CLANG_WARN_OBJC_ROOT_CLASS = YES_ERROR;
				CLANG_WARN_UNREACHABLE_CODE = YES;
				CLANG_WARN__DUPLICATE_METHOD_MATCH = YES;
				"CODE_SIGN_IDENTITY[sdk=iphoneos*]" = "iPhone Developer";
				COPY_PHASE_STRIP = YES;
				ENABLE_NS_ASSERTIONS = NO;
				ENABLE_STRICT_OBJC_MSGSEND = YES;
				GCC_C_LANGUAGE_STANDARD = gnu99;
				GCC_WARN_64_TO_32_BIT_CONVERSION = YES;
				GCC_WARN_ABOUT_RETURN_TYPE = YES_ERROR;
				GCC_WARN_UNDECLARED_SELECTOR = YES;
				GCC_WARN_UNINITIALIZED_AUTOS = YES_AGGRESSIVE;
				GCC_WARN_UNUSED_FUNCTION = YES;
				GCC_WARN_UNUSED_VARIABLE = YES;
				IPHONEOS_DEPLOYMENT_TARGET = 8.1;
				MTL_ENABLE_DEBUG_INFO = NO;
				SDKROOT = iphoneos;
				VALIDATE_PRODUCT = YES;
			};
			name = Release;
		};
		46CDA0E01A50FEE1001FCCB3 /* Debug */ = {
			isa = XCBuildConfiguration;
			buildSettings = {
				ASSETCATALOG_COMPILER_APPICON_NAME = AppIcon;
				CLANG_ENABLE_MODULES = YES;
				FRAMEWORK_SEARCH_PATHS = (
					"$(inherited)",
					"$(PROJECT_DIR)",
					"$(PROJECT_DIR)/Sup/parse-library-1.6.1",
				);
				INFOPLIST_FILE = Sup/Info.plist;
				IPHONEOS_DEPLOYMENT_TARGET = 8.1;
				LD_RUNPATH_SEARCH_PATHS = "$(inherited) @executable_path/Frameworks";
				PRODUCT_NAME = "$(TARGET_NAME)";
				SWIFT_OBJC_BRIDGING_HEADER = "Sup/Sup-Bridging-Header.h";
				SWIFT_OPTIMIZATION_LEVEL = "-Onone";
			};
			name = Debug;
		};
		46CDA0E11A50FEE1001FCCB3 /* Release */ = {
			isa = XCBuildConfiguration;
			buildSettings = {
				ASSETCATALOG_COMPILER_APPICON_NAME = AppIcon;
				CLANG_ENABLE_MODULES = YES;
				FRAMEWORK_SEARCH_PATHS = (
					"$(inherited)",
					"$(PROJECT_DIR)",
					"$(PROJECT_DIR)/Sup/parse-library-1.6.1",
				);
				INFOPLIST_FILE = Sup/Info.plist;
				IPHONEOS_DEPLOYMENT_TARGET = 8.1;
				LD_RUNPATH_SEARCH_PATHS = "$(inherited) @executable_path/Frameworks";
				PRODUCT_NAME = "$(TARGET_NAME)";
				SWIFT_OBJC_BRIDGING_HEADER = "Sup/Sup-Bridging-Header.h";
			};
			name = Release;
		};
		46CDA0E31A50FEE1001FCCB3 /* Debug */ = {
			isa = XCBuildConfiguration;
			buildSettings = {
				BUNDLE_LOADER = "$(TEST_HOST)";
				FRAMEWORK_SEARCH_PATHS = (
					"$(SDKROOT)/Developer/Library/Frameworks",
					"$(inherited)",
				);
				GCC_PREPROCESSOR_DEFINITIONS = (
					"DEBUG=1",
					"$(inherited)",
				);
				INFOPLIST_FILE = SupTests/Info.plist;
				LD_RUNPATH_SEARCH_PATHS = "$(inherited) @executable_path/Frameworks @loader_path/Frameworks";
				PRODUCT_NAME = "$(TARGET_NAME)";
				TEST_HOST = "$(BUILT_PRODUCTS_DIR)/Sup.app/Sup";
			};
			name = Debug;
		};
		46CDA0E41A50FEE1001FCCB3 /* Release */ = {
			isa = XCBuildConfiguration;
			buildSettings = {
				BUNDLE_LOADER = "$(TEST_HOST)";
				FRAMEWORK_SEARCH_PATHS = (
					"$(SDKROOT)/Developer/Library/Frameworks",
					"$(inherited)",
				);
				INFOPLIST_FILE = SupTests/Info.plist;
				LD_RUNPATH_SEARCH_PATHS = "$(inherited) @executable_path/Frameworks @loader_path/Frameworks";
				PRODUCT_NAME = "$(TARGET_NAME)";
				TEST_HOST = "$(BUILT_PRODUCTS_DIR)/Sup.app/Sup";
			};
			name = Release;
		};
/* End XCBuildConfiguration section */

/* Begin XCConfigurationList section */
		46CDA0BB1A50FEE1001FCCB3 /* Build configuration list for PBXProject "Sup" */ = {
			isa = XCConfigurationList;
			buildConfigurations = (
				46CDA0DD1A50FEE1001FCCB3 /* Debug */,
				46CDA0DE1A50FEE1001FCCB3 /* Release */,
			);
			defaultConfigurationIsVisible = 0;
			defaultConfigurationName = Release;
		};
		46CDA0DF1A50FEE1001FCCB3 /* Build configuration list for PBXNativeTarget "Sup" */ = {
			isa = XCConfigurationList;
			buildConfigurations = (
				46CDA0E01A50FEE1001FCCB3 /* Debug */,
				46CDA0E11A50FEE1001FCCB3 /* Release */,
			);
			defaultConfigurationIsVisible = 0;
			defaultConfigurationName = Release;
		};
		46CDA0E21A50FEE1001FCCB3 /* Build configuration list for PBXNativeTarget "SupTests" */ = {
			isa = XCConfigurationList;
			buildConfigurations = (
				46CDA0E31A50FEE1001FCCB3 /* Debug */,
				46CDA0E41A50FEE1001FCCB3 /* Release */,
			);
			defaultConfigurationIsVisible = 0;
			defaultConfigurationName = Release;
		};
/* End XCConfigurationList section */
	};
	rootObject = 46CDA0B81A50FEE1001FCCB3 /* Project object */;
}
