// !$*UTF8*$!
{
	archiveVersion = 1;
	classes = {
	};
	objectVersion = 46;
	objects = {

/* Begin PBXBuildFile section */
		46BF80D41A51087200F46CA6 /* railway.gif in Resources */ = {isa = PBXBuildFile; fileRef = 46BF80D31A51087200F46CA6 /* railway.gif */; };
		46CDA0C61A50FEE1001FCCB3 /* AppDelegate.swift in Sources */ = {isa = PBXBuildFile; fileRef = 46CDA0C51A50FEE1001FCCB3 /* AppDelegate.swift */; };
		46CDA0C81A50FEE1001FCCB3 /* ViewController.swift in Sources */ = {isa = PBXBuildFile; fileRef = 46CDA0C71A50FEE1001FCCB3 /* ViewController.swift */; };
		46CDA0CB1A50FEE1001FCCB3 /* Main.storyboard in Resources */ = {isa = PBXBuildFile; fileRef = 46CDA0C91A50FEE1001FCCB3 /* Main.storyboard */; };
		46CDA0CD1A50FEE1001FCCB3 /* Images.xcassets in Resources */ = {isa = PBXBuildFile; fileRef = 46CDA0CC1A50FEE1001FCCB3 /* Images.xcassets */; };
		46CDA0D01A50FEE1001FCCB3 /* LaunchScreen.xib in Resources */ = {isa = PBXBuildFile; fileRef = 46CDA0CE1A50FEE1001FCCB3 /* LaunchScreen.xib */; };
		46CDA0DC1A50FEE1001FCCB3 /* SupTests.swift in Sources */ = {isa = PBXBuildFile; fileRef = 46CDA0DB1A50FEE1001FCCB3 /* SupTests.swift */; };
		46CDA0E81A50FFF3001FCCB3 /* Crashlytics.framework in Frameworks */ = {isa = PBXBuildFile; fileRef = 46CDA0E61A50FFF3001FCCB3 /* Crashlytics.framework */; };
		46CDA0E91A50FFF3001FCCB3 /* Fabric.framework in Frameworks */ = {isa = PBXBuildFile; fileRef = 46CDA0E71A50FFF3001FCCB3 /* Fabric.framework */; };
		46CDA0EC1A51006E001FCCB3 /* TwitterKit.framework in Frameworks */ = {isa = PBXBuildFile; fileRef = 46CDA0EA1A51006E001FCCB3 /* TwitterKit.framework */; };
		46CDA0ED1A51006E001FCCB3 /* TwitterKitResources.bundle in Resources */ = {isa = PBXBuildFile; fileRef = 46CDA0EB1A51006E001FCCB3 /* TwitterKitResources.bundle */; };
/* End PBXBuildFile section */

/* Begin PBXContainerItemProxy section */
		46CDA0D61A50FEE1001FCCB3 /* PBXContainerItemProxy */ = {
			isa = PBXContainerItemProxy;
			containerPortal = 46CDA0B81A50FEE1001FCCB3 /* Project object */;
			proxyType = 1;
			remoteGlobalIDString = 46CDA0BF1A50FEE1001FCCB3;
			remoteInfo = Sup;
		};
/* End PBXContainerItemProxy section */

/* Begin PBXFileReference section */
		46BF80D31A51087200F46CA6 /* railway.gif */ = {isa = PBXFileReference; lastKnownFileType = image.gif; path = railway.gif; sourceTree = "<group>"; };
		46CDA0C01A50FEE1001FCCB3 /* Sup.app */ = {isa = PBXFileReference; explicitFileType = wrapper.application; includeInIndex = 0; path = Sup.app; sourceTree = BUILT_PRODUCTS_DIR; };
		46CDA0C41A50FEE1001FCCB3 /* Info.plist */ = {isa = PBXFileReference; lastKnownFileType = text.plist.xml; path = Info.plist; sourceTree = "<group>"; };
		46CDA0C51A50FEE1001FCCB3 /* AppDelegate.swift */ = {isa = PBXFileReference; lastKnownFileType = sourcecode.swift; path = AppDelegate.swift; sourceTree = "<group>"; };
		46CDA0C71A50FEE1001FCCB3 /* ViewController.swift */ = {isa = PBXFileReference; lastKnownFileType = sourcecode.swift; path = ViewController.swift; sourceTree = "<group>"; };
		46CDA0CA1A50FEE1001FCCB3 /* Base */ = {isa = PBXFileReference; lastKnownFileType = file.storyboard; name = Base; path = Base.lproj/Main.storyboard; sourceTree = "<group>"; };
		46CDA0CC1A50FEE1001FCCB3 /* Images.xcassets */ = {isa = PBXFileReference; lastKnownFileType = folder.assetcatalog; path = Images.xcassets; sourceTree = "<group>"; };
		46CDA0CF1A50FEE1001FCCB3 /* Base */ = {isa = PBXFileReference; lastKnownFileType = file.xib; name = Base; path = Base.lproj/LaunchScreen.xib; sourceTree = "<group>"; };
		46CDA0D51A50FEE1001FCCB3 /* SupTests.xctest */ = {isa = PBXFileReference; explicitFileType = wrapper.cfbundle; includeInIndex = 0; path = SupTests.xctest; sourceTree = BUILT_PRODUCTS_DIR; };
		46CDA0DA1A50FEE1001FCCB3 /* Info.plist */ = {isa = PBXFileReference; lastKnownFileType = text.plist.xml; path = Info.plist; sourceTree = "<group>"; };
		46CDA0DB1A50FEE1001FCCB3 /* SupTests.swift */ = {isa = PBXFileReference; lastKnownFileType = sourcecode.swift; path = SupTests.swift; sourceTree = "<group>"; };
		46CDA0E61A50FFF3001FCCB3 /* Crashlytics.framework */ = {isa = PBXFileReference; lastKnownFileType = wrapper.framework; path = Crashlytics.framework; sourceTree = SOURCE_ROOT; };
		46CDA0E71A50FFF3001FCCB3 /* Fabric.framework */ = {isa = PBXFileReference; lastKnownFileType = wrapper.framework; path = Fabric.framework; sourceTree = SOURCE_ROOT; };
		46CDA0EA1A51006E001FCCB3 /* TwitterKit.framework */ = {isa = PBXFileReference; lastKnownFileType = wrapper.framework; path = TwitterKit.framework; sourceTree = SOURCE_ROOT; };
		46CDA0EB1A51006E001FCCB3 /* TwitterKitResources.bundle */ = {isa = PBXFileReference; lastKnownFileType = "wrapper.plug-in"; name = TwitterKitResources.bundle; path = TwitterKit.framework/Versions/A/Resources/TwitterKitResources.bundle; sourceTree = SOURCE_ROOT; };
/* End PBXFileReference section */

/* Begin PBXFrameworksBuildPhase section */
		46CDA0BD1A50FEE1001FCCB3 /* Frameworks */ = {
			isa = PBXFrameworksBuildPhase;
			buildActionMask = 2147483647;
			files = (
				46CDA0E81A50FFF3001FCCB3 /* Crashlytics.framework in Frameworks */,
				46CDA0E91A50FFF3001FCCB3 /* Fabric.framework in Frameworks */,
				46CDA0EC1A51006E001FCCB3 /* TwitterKit.framework in Frameworks */,
			);
			runOnlyForDeploymentPostprocessing = 0;
		};
		46CDA0D21A50FEE1001FCCB3 /* Frameworks */ = {
			isa = PBXFrameworksBuildPhase;
			buildActionMask = 2147483647;
			files = (
			);
			runOnlyForDeploymentPostprocessing = 0;
		};
/* End PBXFrameworksBuildPhase section */

/* Begin PBXGroup section */
		46CDA0B71A50FEE1001FCCB3 = {
			isa = PBXGroup;
			children = (
				46CDA0C21A50FEE1001FCCB3 /* Sup */,
				46CDA0EF1A510121001FCCB3 /* Frameworks */,
				46CDA0D81A50FEE1001FCCB3 /* SupTests */,
				46CDA0C11A50FEE1001FCCB3 /* Products */,
			);
			sourceTree = "<group>";
		};
		46CDA0C11A50FEE1001FCCB3 /* Products */ = {
			isa = PBXGroup;
			children = (
				46CDA0C01A50FEE1001FCCB3 /* Sup.app */,
				46CDA0D51A50FEE1001FCCB3 /* SupTests.xctest */,
			);
			name = Products;
			sourceTree = "<group>";
		};
		46CDA0C21A50FEE1001FCCB3 /* Sup */ = {
			isa = PBXGroup;
			children = (
				46CDA0C51A50FEE1001FCCB3 /* AppDelegate.swift */,
				46CDA0C71A50FEE1001FCCB3 /* ViewController.swift */,
				46CDA0C91A50FEE1001FCCB3 /* Main.storyboard */,
				46CDA0CC1A50FEE1001FCCB3 /* Images.xcassets */,
				46BF80D31A51087200F46CA6 /* railway.gif */,
				46CDA0CE1A50FEE1001FCCB3 /* LaunchScreen.xib */,
				46CDA0C31A50FEE1001FCCB3 /* Supporting Files */,
			);
			path = Sup;
			sourceTree = "<group>";
		};
		46CDA0C31A50FEE1001FCCB3 /* Supporting Files */ = {
			isa = PBXGroup;
			children = (
				46CDA0C41A50FEE1001FCCB3 /* Info.plist */,
			);
			name = "Supporting Files";
			sourceTree = "<group>";
		};
		46CDA0D81A50FEE1001FCCB3 /* SupTests */ = {
			isa = PBXGroup;
			children = (
				46CDA0DB1A50FEE1001FCCB3 /* SupTests.swift */,
				46CDA0D91A50FEE1001FCCB3 /* Supporting Files */,
			);
			path = SupTests;
			sourceTree = "<group>";
		};
		46CDA0D91A50FEE1001FCCB3 /* Supporting Files */ = {
			isa = PBXGroup;
			children = (
				46CDA0DA1A50FEE1001FCCB3 /* Info.plist */,
			);
			name = "Supporting Files";
			sourceTree = "<group>";
		};
		46CDA0EE1A510114001FCCB3 /* Fabric */ = {
			isa = PBXGroup;
			children = (
				46CDA0EA1A51006E001FCCB3 /* TwitterKit.framework */,
				46CDA0EB1A51006E001FCCB3 /* TwitterKitResources.bundle */,
				46CDA0E61A50FFF3001FCCB3 /* Crashlytics.framework */,
				46CDA0E71A50FFF3001FCCB3 /* Fabric.framework */,
			);
			name = Fabric;
			sourceTree = "<group>";
		};
		46CDA0EF1A510121001FCCB3 /* Frameworks */ = {
			isa = PBXGroup;
			children = (
				46CDA0EE1A510114001FCCB3 /* Fabric */,
			);
			name = Frameworks;
			path = Sup;
			sourceTree = "<group>";
		};
/* End PBXGroup section */

/* Begin PBXNativeTarget section */
		46CDA0BF1A50FEE1001FCCB3 /* Sup */ = {
			isa = PBXNativeTarget;
			buildConfigurationList = 46CDA0DF1A50FEE1001FCCB3 /* Build configuration list for PBXNativeTarget "Sup" */;
			buildPhases = (
				46CDA0BC1A50FEE1001FCCB3 /* Sources */,
				46CDA0BD1A50FEE1001FCCB3 /* Frameworks */,
				46CDA0BE1A50FEE1001FCCB3 /* Resources */,
				46CDA0E51A50FFDA001FCCB3 /* ShellScript */,
			);
			buildRules = (
			);
			dependencies = (
			);
			name = Sup;
			productName = Sup;
			productReference = 46CDA0C01A50FEE1001FCCB3 /* Sup.app */;
			productType = "com.apple.product-type.application";
		};
		46CDA0D41A50FEE1001FCCB3 /* SupTests */ = {
			isa = PBXNativeTarget;
			buildConfigurationList = 46CDA0E21A50FEE1001FCCB3 /* Build configuration list for PBXNativeTarget "SupTests" */;
			buildPhases = (
				46CDA0D11A50FEE1001FCCB3 /* Sources */,
				46CDA0D21A50FEE1001FCCB3 /* Frameworks */,
				46CDA0D31A50FEE1001FCCB3 /* Resources */,
			);
			buildRules = (
			);
			dependencies = (
				46CDA0D71A50FEE1001FCCB3 /* PBXTargetDependency */,
			);
			name = SupTests;
			productName = SupTests;
			productReference = 46CDA0D51A50FEE1001FCCB3 /* SupTests.xctest */;
			productType = "com.apple.product-type.bundle.unit-test";
		};
/* End PBXNativeTarget section */

/* Begin PBXProject section */
		46CDA0B81A50FEE1001FCCB3 /* Project object */ = {
			isa = PBXProject;
			attributes = {
				LastUpgradeCheck = 0610;
				ORGANIZATIONNAME = asb;
				TargetAttributes = {
					46CDA0BF1A50FEE1001FCCB3 = {
						CreatedOnToolsVersion = 6.1.1;
					};
					46CDA0D41A50FEE1001FCCB3 = {
						CreatedOnToolsVersion = 6.1.1;
						TestTargetID = 46CDA0BF1A50FEE1001FCCB3;
					};
				};
			};
			buildConfigurationList = 46CDA0BB1A50FEE1001FCCB3 /* Build configuration list for PBXProject "Sup" */;
			compatibilityVersion = "Xcode 3.2";
			developmentRegion = English;
			hasScannedForEncodings = 0;
			knownRegions = (
				en,
				Base,
			);
			mainGroup = 46CDA0B71A50FEE1001FCCB3;
			productRefGroup = 46CDA0C11A50FEE1001FCCB3 /* Products */;
			projectDirPath = "";
			projectRoot = "";
			targets = (
				46CDA0BF1A50FEE1001FCCB3 /* Sup */,
				46CDA0D41A50FEE1001FCCB3 /* SupTests */,
			);
		};
/* End PBXProject section */

/* Begin PBXResourcesBuildPhase section */
		46CDA0BE1A50FEE1001FCCB3 /* Resources */ = {
			isa = PBXResourcesBuildPhase;
			buildActionMask = 2147483647;
			files = (
				46BF80D41A51087200F46CA6 /* railway.gif in Resources */,
				46CDA0ED1A51006E001FCCB3 /* TwitterKitResources.bundle in Resources */,
				46CDA0CB1A50FEE1001FCCB3 /* Main.storyboard in Resources */,
				46CDA0D01A50FEE1001FCCB3 /* LaunchScreen.xib in Resources */,
				46CDA0CD1A50FEE1001FCCB3 /* Images.xcassets in Resources */,
			);
			runOnlyForDeploymentPostprocessing = 0;
		};
		46CDA0D31A50FEE1001FCCB3 /* Resources */ = {
			isa = PBXResourcesBuildPhase;
			buildActionMask = 2147483647;
			files = (
			);
			runOnlyForDeploymentPostprocessing = 0;
		};
/* End PBXResourcesBuildPhase section */

/* Begin PBXShellScriptBuildPhase section */
		46CDA0E51A50FFDA001FCCB3 /* ShellScript */ = {
			isa = PBXShellScriptBuildPhase;
			buildActionMask = 2147483647;
			files = (
			);
			inputPaths = (
			);
			outputPaths = (
			);
			runOnlyForDeploymentPostprocessing = 0;
			shellPath = /bin/sh;
			shellScript = "./Fabric.framework/run cf31bd871fb35d3e3e94b3732cd654bbde1f5b0c 33804315ff66b7966281403539d1d005fcf98139ee03282942a67832a10b0f8e";
		};
/* End PBXShellScriptBuildPhase section */

/* Begin PBXSourcesBuildPhase section */
		46CDA0BC1A50FEE1001FCCB3 /* Sources */ = {
			isa = PBXSourcesBuildPhase;
			buildActionMask = 2147483647;
			files = (
				46CDA0C81A50FEE1001FCCB3 /* ViewController.swift in Sources */,
				46CDA0C61A50FEE1001FCCB3 /* AppDelegate.swift in Sources */,
			);
			runOnlyForDeploymentPostprocessing = 0;
		};
		46CDA0D11A50FEE1001FCCB3 /* Sources */ = {
			isa = PBXSourcesBuildPhase;
			buildActionMask = 2147483647;
			files = (
				46CDA0DC1A50FEE1001FCCB3 /* SupTests.swift in Sources */,
			);
			runOnlyForDeploymentPostprocessing = 0;
		};
/* End PBXSourcesBuildPhase section */

/* Begin PBXTargetDependency section */
		46CDA0D71A50FEE1001FCCB3 /* PBXTargetDependency */ = {
			isa = PBXTargetDependency;
			target = 46CDA0BF1A50FEE1001FCCB3 /* Sup */;
			targetProxy = 46CDA0D61A50FEE1001FCCB3 /* PBXContainerItemProxy */;
		};
/* End PBXTargetDependency section */

/* Begin PBXVariantGroup section */
		46CDA0C91A50FEE1001FCCB3 /* Main.storyboard */ = {
			isa = PBXVariantGroup;
			children = (
				46CDA0CA1A50FEE1001FCCB3 /* Base */,
			);
			name = Main.storyboard;
			sourceTree = "<group>";
		};
		46CDA0CE1A50FEE1001FCCB3 /* LaunchScreen.xib */ = {
			isa = PBXVariantGroup;
			children = (
				46CDA0CF1A50FEE1001FCCB3 /* Base */,
			);
			name = LaunchScreen.xib;
			sourceTree = "<group>";
		};
/* End PBXVariantGroup section */

/* Begin XCBuildConfiguration section */
		46CDA0DD1A50FEE1001FCCB3 /* Debug */ = {
			isa = XCBuildConfiguration;
			buildSettings = {
				ALWAYS_SEARCH_USER_PATHS = NO;
				CLANG_CXX_LANGUAGE_STANDARD = "gnu++0x";
				CLANG_CXX_LIBRARY = "libc++";
				CLANG_ENABLE_MODULES = YES;
				CLANG_ENABLE_OBJC_ARC = YES;
				CLANG_WARN_BOOL_CONVERSION = YES;
				CLANG_WARN_CONSTANT_CONVERSION = YES;
				CLANG_WARN_DIRECT_OBJC_ISA_USAGE = YES_ERROR;
				CLANG_WARN_EMPTY_BODY = YES;
				CLANG_WARN_ENUM_CONVERSION = YES;
				CLANG_WARN_INT_CONVERSION = YES;
				CLANG_WARN_OBJC_ROOT_CLASS = YES_ERROR;
				CLANG_WARN_UNREACHABLE_CODE = YES;
				CLANG_WARN__DUPLICATE_METHOD_MATCH = YES;
				"CODE_SIGN_IDENTITY[sdk=iphoneos*]" = "iPhone Developer";
				COPY_PHASE_STRIP = NO;
				ENABLE_STRICT_OBJC_MSGSEND = YES;
				GCC_C_LANGUAGE_STANDARD = gnu99;
				GCC_DYNAMIC_NO_PIC = NO;
				GCC_OPTIMIZATION_LEVEL = 0;
				GCC_PREPROCESSOR_DEFINITIONS = (
					"DEBUG=1",
					"$(inherited)",
				);
				GCC_SYMBOLS_PRIVATE_EXTERN = NO;
				GCC_WARN_64_TO_32_BIT_CONVERSION = YES;
				GCC_WARN_ABOUT_RETURN_TYPE = YES_ERROR;
				GCC_WARN_UNDECLARED_SELECTOR = YES;
				GCC_WARN_UNINITIALIZED_AUTOS = YES_AGGRESSIVE;
				GCC_WARN_UNUSED_FUNCTION = YES;
				GCC_WARN_UNUSED_VARIABLE = YES;
				IPHONEOS_DEPLOYMENT_TARGET = 8.1;
				MTL_ENABLE_DEBUG_INFO = YES;
				ONLY_ACTIVE_ARCH = YES;
				SDKROOT = iphoneos;
				SWIFT_OPTIMIZATION_LEVEL = "-Onone";
			};
			name = Debug;
		};
		46CDA0DE1A50FEE1001FCCB3 /* Release */ = {
			isa = XCBuildConfiguration;
			buildSettings = {
				ALWAYS_SEARCH_USER_PATHS = NO;
				CLANG_CXX_LANGUAGE_STANDARD = "gnu++0x";
				CLANG_CXX_LIBRARY = "libc++";
				CLANG_ENABLE_MODULES = YES;
				CLANG_ENABLE_OBJC_ARC = YES;
				CLANG_WARN_BOOL_CONVERSION = YES;
				CLANG_WARN_CONSTANT_CONVERSION = YES;
				CLANG_WARN_DIRECT_OBJC_ISA_USAGE = YES_ERROR;
				CLANG_WARN_EMPTY_BODY = YES;
				CLANG_WARN_ENUM_CONVERSION = YES;
				CLANG_WARN_INT_CONVERSION = YES;
				CLANG_WARN_OBJC_ROOT_CLASS = YES_ERROR;
				CLANG_WARN_UNREACHABLE_CODE = YES;
				CLANG_WARN__DUPLICATE_METHOD_MATCH = YES;
				"CODE_SIGN_IDENTITY[sdk=iphoneos*]" = "iPhone Developer";
				COPY_PHASE_STRIP = YES;
				ENABLE_NS_ASSERTIONS = NO;
				ENABLE_STRICT_OBJC_MSGSEND = YES;
				GCC_C_LANGUAGE_STANDARD = gnu99;
				GCC_WARN_64_TO_32_BIT_CONVERSION = YES;
				GCC_WARN_ABOUT_RETURN_TYPE = YES_ERROR;
				GCC_WARN_UNDECLARED_SELECTOR = YES;
				GCC_WARN_UNINITIALIZED_AUTOS = YES_AGGRESSIVE;
				GCC_WARN_UNUSED_FUNCTION = YES;
				GCC_WARN_UNUSED_VARIABLE = YES;
				IPHONEOS_DEPLOYMENT_TARGET = 8.1;
				MTL_ENABLE_DEBUG_INFO = NO;
				SDKROOT = iphoneos;
				VALIDATE_PRODUCT = YES;
			};
			name = Release;
		};
		46CDA0E01A50FEE1001FCCB3 /* Debug */ = {
			isa = XCBuildConfiguration;
			buildSettings = {
				ASSETCATALOG_COMPILER_APPICON_NAME = AppIcon;
				FRAMEWORK_SEARCH_PATHS = (
					"$(inherited)",
					"$(PROJECT_DIR)",
				);
				INFOPLIST_FILE = Sup/Info.plist;
				IPHONEOS_DEPLOYMENT_TARGET = 8.1;
				LD_RUNPATH_SEARCH_PATHS = "$(inherited) @executable_path/Frameworks";
				PRODUCT_NAME = "$(TARGET_NAME)";
			};
			name = Debug;
		};
		46CDA0E11A50FEE1001FCCB3 /* Release */ = {
			isa = XCBuildConfiguration;
			buildSettings = {
				ASSETCATALOG_COMPILER_APPICON_NAME = AppIcon;
				FRAMEWORK_SEARCH_PATHS = (
					"$(inherited)",
					"$(PROJECT_DIR)",
				);
				INFOPLIST_FILE = Sup/Info.plist;
				IPHONEOS_DEPLOYMENT_TARGET = 8.1;
				LD_RUNPATH_SEARCH_PATHS = "$(inherited) @executable_path/Frameworks";
				PRODUCT_NAME = "$(TARGET_NAME)";
			};
			name = Release;
		};
		46CDA0E31A50FEE1001FCCB3 /* Debug */ = {
			isa = XCBuildConfiguration;
			buildSettings = {
				BUNDLE_LOADER = "$(TEST_HOST)";
				FRAMEWORK_SEARCH_PATHS = (
					"$(SDKROOT)/Developer/Library/Frameworks",
					"$(inherited)",
				);
				GCC_PREPROCESSOR_DEFINITIONS = (
					"DEBUG=1",
					"$(inherited)",
				);
				INFOPLIST_FILE = SupTests/Info.plist;
				LD_RUNPATH_SEARCH_PATHS = "$(inherited) @executable_path/Frameworks @loader_path/Frameworks";
				PRODUCT_NAME = "$(TARGET_NAME)";
				TEST_HOST = "$(BUILT_PRODUCTS_DIR)/Sup.app/Sup";
			};
			name = Debug;
		};
		46CDA0E41A50FEE1001FCCB3 /* Release */ = {
			isa = XCBuildConfiguration;
			buildSettings = {
				BUNDLE_LOADER = "$(TEST_HOST)";
				FRAMEWORK_SEARCH_PATHS = (
					"$(SDKROOT)/Developer/Library/Frameworks",
					"$(inherited)",
				);
				INFOPLIST_FILE = SupTests/Info.plist;
				LD_RUNPATH_SEARCH_PATHS = "$(inherited) @executable_path/Frameworks @loader_path/Frameworks";
				PRODUCT_NAME = "$(TARGET_NAME)";
				TEST_HOST = "$(BUILT_PRODUCTS_DIR)/Sup.app/Sup";
			};
			name = Release;
		};
/* End XCBuildConfiguration section */

/* Begin XCConfigurationList section */
		46CDA0BB1A50FEE1001FCCB3 /* Build configuration list for PBXProject "Sup" */ = {
			isa = XCConfigurationList;
			buildConfigurations = (
				46CDA0DD1A50FEE1001FCCB3 /* Debug */,
				46CDA0DE1A50FEE1001FCCB3 /* Release */,
			);
			defaultConfigurationIsVisible = 0;
			defaultConfigurationName = Release;
		};
		46CDA0DF1A50FEE1001FCCB3 /* Build configuration list for PBXNativeTarget "Sup" */ = {
			isa = XCConfigurationList;
			buildConfigurations = (
				46CDA0E01A50FEE1001FCCB3 /* Debug */,
				46CDA0E11A50FEE1001FCCB3 /* Release */,
			);
			defaultConfigurationIsVisible = 0;
			defaultConfigurationName = Release;
		};
		46CDA0E21A50FEE1001FCCB3 /* Build configuration list for PBXNativeTarget "SupTests" */ = {
			isa = XCConfigurationList;
			buildConfigurations = (
				46CDA0E31A50FEE1001FCCB3 /* Debug */,
				46CDA0E41A50FEE1001FCCB3 /* Release */,
			);
			defaultConfigurationIsVisible = 0;
			defaultConfigurationName = Release;
		};
/* End XCConfigurationList section */
	};
	rootObject = 46CDA0B81A50FEE1001FCCB3 /* Project object */;
}
